
Microsoft Visual Studio Solution File, Format Version 12.00
# Visual Studio Version 16
VisualStudioVersion = 16.0.31112.23
MinimumVisualStudioVersion = 10.0.40219.1
Project("{FAE04EC0-301F-11D3-BF4B-00C04F79EFBC}") = "FileManager", "FileManager\FileManager.csproj", "{BDEF31BB-B6E4-4CE2-9F57-E76D9865D0DD}"
EndProject
Global
	GlobalSection(SolutionConfigurationPlatforms) = preSolution
		Debug|Any CPU = Debug|Any CPU
		Release|Any CPU = Release|Any CPU
	EndGlobalSection
	GlobalSection(ProjectConfigurationPlatforms) = postSolution
		{BDEF31BB-B6E4-4CE2-9F57-E76D9865D0DD}.Debug|Any CPU.ActiveCfg = Debug|Any CPU
		{BDEF31BB-B6E4-4CE2-9F57-E76D9865D0DD}.Debug|Any CPU.Build.0 = Debug|Any CPU
		{BDEF31BB-B6E4-4CE2-9F57-E76D9865D0DD}.Release|Any CPU.ActiveCfg = Release|Any CPU
		{BDEF31BB-B6E4-4CE2-9F57-E76D9865D0DD}.Release|Any CPU.Build.0 = Release|Any CPU
	EndGlobalSection
	GlobalSection(SolutionProperties) = preSolution
		HideSolutionNode = FALSE
	EndGlobalSection
	GlobalSection(ExtensibilityGlobals) = postSolution
		SolutionGuid = {AFF22E28-7D0F-4D70-A30C-558D3DDC0187}
	EndGlobalSection
EndGlobal
